
Microsoft Visual Studio Solution File, Format Version 12.00
# Visual Studio Version 17
VisualStudioVersion = 17.5.2.0
MinimumVisualStudioVersion = 10.0.40219.1
Project("{FAE04EC0-301F-11D3-BF4B-00C04F79EFBC}") = "ims.UseCases", "ims.UseCases\ims.UseCases.csproj", "{ED0DAA4F-FC4A-4FA9-DFB4-70B1FCF6398E}"
EndProject
Project("{FAE04EC0-301F-11D3-BF4B-00C04F79EFBC}") = "ims.CoreEntities", "ims.CoreEntities\ims.CoreEntities.csproj", "{16F48FD5-87F9-3639-E534-96131A35D547}"
EndProject
Project("{2150E333-8FDC-42A3-9474-1A3956D46DE8}") = "ims.Plugins", "ims.Plugins", "{CA3E8C8C-8DCE-601C-ED07-84B35EBADEC8}"
EndProject
Project("{FAE04EC0-301F-11D3-BF4B-00C04F79EFBC}") = "ims.Plugins.inMomery", "ims.Plugins\ims.Plugins.inMomery\ims.Plugins.inMomery.csproj", "{BA8F5DB7-56FE-7D83-D22C-5366DE0F2EE4}"
EndProject
Project("{FAE04EC0-301F-11D3-BF4B-00C04F79EFBC}") = "ims.WepApp", "ims.WepApp\ims.WepApp.csproj", "{903DF857-3832-471C-8B72-9103034C60B3}"
EndProject
Global
	GlobalSection(SolutionConfigurationPlatforms) = preSolution
		Debug|Any CPU = Debug|Any CPU
		Debug|x64 = Debug|x64
		Debug|x86 = Debug|x86
		Release|Any CPU = Release|Any CPU
		Release|x64 = Release|x64
		Release|x86 = Release|x86
	EndGlobalSection
	GlobalSection(ProjectConfigurationPlatforms) = postSolution
		{ED0DAA4F-FC4A-4FA9-DFB4-70B1FCF6398E}.Debug|Any CPU.ActiveCfg = Debug|Any CPU
		{ED0DAA4F-FC4A-4FA9-DFB4-70B1FCF6398E}.Debug|Any CPU.Build.0 = Debug|Any CPU
		{ED0DAA4F-FC4A-4FA9-DFB4-70B1FCF6398E}.Debug|x64.ActiveCfg = Debug|Any CPU
		{ED0DAA4F-FC4A-4FA9-DFB4-70B1FCF6398E}.Debug|x64.Build.0 = Debug|Any CPU
		{ED0DAA4F-FC4A-4FA9-DFB4-70B1FCF6398E}.Debug|x86.ActiveCfg = Debug|Any CPU
		{ED0DAA4F-FC4A-4FA9-DFB4-70B1FCF6398E}.Debug|x86.Build.0 = Debug|Any CPU
		{ED0DAA4F-FC4A-4FA9-DFB4-70B1FCF6398E}.Release|Any CPU.ActiveCfg = Release|Any CPU
		{ED0DAA4F-FC4A-4FA9-DFB4-70B1FCF6398E}.Release|Any CPU.Build.0 = Release|Any CPU
		{ED0DAA4F-FC4A-4FA9-DFB4-70B1FCF6398E}.Release|x64.ActiveCfg = Release|Any CPU
		{ED0DAA4F-FC4A-4FA9-DFB4-70B1FCF6398E}.Release|x64.Build.0 = Release|Any CPU
		{ED0DAA4F-FC4A-4FA9-DFB4-70B1FCF6398E}.Release|x86.ActiveCfg = Release|Any CPU
		{ED0DAA4F-FC4A-4FA9-DFB4-70B1FCF6398E}.Release|x86.Build.0 = Release|Any CPU
		{16F48FD5-87F9-3639-E534-96131A35D547}.Debug|Any CPU.ActiveCfg = Debug|Any CPU
		{16F48FD5-87F9-3639-E534-96131A35D547}.Debug|Any CPU.Build.0 = Debug|Any CPU
		{16F48FD5-87F9-3639-E534-96131A35D547}.Debug|x64.ActiveCfg = Debug|Any CPU
		{16F48FD5-87F9-3639-E534-96131A35D547}.Debug|x64.Build.0 = Debug|Any CPU
		{16F48FD5-87F9-3639-E534-96131A35D547}.Debug|x86.ActiveCfg = Debug|Any CPU
		{16F48FD5-87F9-3639-E534-96131A35D547}.Debug|x86.Build.0 = Debug|Any CPU
		{16F48FD5-87F9-3639-E534-96131A35D547}.Release|Any CPU.ActiveCfg = Release|Any CPU
		{16F48FD5-87F9-3639-E534-96131A35D547}.Release|Any CPU.Build.0 = Release|Any CPU
		{16F48FD5-87F9-3639-E534-96131A35D547}.Release|x64.ActiveCfg = Release|Any CPU
		{16F48FD5-87F9-3639-E534-96131A35D547}.Release|x64.Build.0 = Release|Any CPU
		{16F48FD5-87F9-3639-E534-96131A35D547}.Release|x86.ActiveCfg = Release|Any CPU
		{16F48FD5-87F9-3639-E534-96131A35D547}.Release|x86.Build.0 = Release|Any CPU
		{BA8F5DB7-56FE-7D83-D22C-5366DE0F2EE4}.Debug|Any CPU.ActiveCfg = Debug|Any CPU
		{BA8F5DB7-56FE-7D83-D22C-5366DE0F2EE4}.Debug|Any CPU.Build.0 = Debug|Any CPU
		{BA8F5DB7-56FE-7D83-D22C-5366DE0F2EE4}.Debug|x64.ActiveCfg = Debug|Any CPU
		{BA8F5DB7-56FE-7D83-D22C-5366DE0F2EE4}.Debug|x64.Build.0 = Debug|Any CPU
		{BA8F5DB7-56FE-7D83-D22C-5366DE0F2EE4}.Debug|x86.ActiveCfg = Debug|Any CPU
		{BA8F5DB7-56FE-7D83-D22C-5366DE0F2EE4}.Debug|x86.Build.0 = Debug|Any CPU
		{BA8F5DB7-56FE-7D83-D22C-5366DE0F2EE4}.Release|Any CPU.ActiveCfg = Release|Any CPU
		{BA8F5DB7-56FE-7D83-D22C-5366DE0F2EE4}.Release|Any CPU.Build.0 = Release|Any CPU
		{BA8F5DB7-56FE-7D83-D22C-5366DE0F2EE4}.Release|x64.ActiveCfg = Release|Any CPU
		{BA8F5DB7-56FE-7D83-D22C-5366DE0F2EE4}.Release|x64.Build.0 = Release|Any CPU
		{BA8F5DB7-56FE-7D83-D22C-5366DE0F2EE4}.Release|x86.ActiveCfg = Release|Any CPU
		{BA8F5DB7-56FE-7D83-D22C-5366DE0F2EE4}.Release|x86.Build.0 = Release|Any CPU
		{903DF857-3832-471C-8B72-9103034C60B3}.Debug|Any CPU.ActiveCfg = Debug|Any CPU
		{903DF857-3832-471C-8B72-9103034C60B3}.Debug|Any CPU.Build.0 = Debug|Any CPU
		{903DF857-3832-471C-8B72-9103034C60B3}.Debug|x64.ActiveCfg = Debug|Any CPU
		{903DF857-3832-471C-8B72-9103034C60B3}.Debug|x64.Build.0 = Debug|Any CPU
		{903DF857-3832-471C-8B72-9103034C60B3}.Debug|x86.ActiveCfg = Debug|Any CPU
		{903DF857-3832-471C-8B72-9103034C60B3}.Debug|x86.Build.0 = Debug|Any CPU
		{903DF857-3832-471C-8B72-9103034C60B3}.Release|Any CPU.ActiveCfg = Release|Any CPU
		{903DF857-3832-471C-8B72-9103034C60B3}.Release|Any CPU.Build.0 = Release|Any CPU
		{903DF857-3832-471C-8B72-9103034C60B3}.Release|x64.ActiveCfg = Release|Any CPU
		{903DF857-3832-471C-8B72-9103034C60B3}.Release|x64.Build.0 = Release|Any CPU
		{903DF857-3832-471C-8B72-9103034C60B3}.Release|x86.ActiveCfg = Release|Any CPU
		{903DF857-3832-471C-8B72-9103034C60B3}.Release|x86.Build.0 = Release|Any CPU
	EndGlobalSection
	GlobalSection(SolutionProperties) = preSolution
		HideSolutionNode = FALSE
	EndGlobalSection
	GlobalSection(NestedProjects) = preSolution
		{BA8F5DB7-56FE-7D83-D22C-5366DE0F2EE4} = {CA3E8C8C-8DCE-601C-ED07-84B35EBADEC8}
	EndGlobalSection
	GlobalSection(ExtensibilityGlobals) = postSolution
		SolutionGuid = {D4AC915C-F78F-4262-B265-E1D443BBCA68}
	EndGlobalSection
EndGlobal
